// !$*UTF8*$!
{
	archiveVersion = 1;
	classes = {
	};
	objectVersion = 46;
	objects = {

/* Begin PBXBuildFile section */
		E90648D11A82EA4600857144 /* main.m in Sources */ = {isa = PBXBuildFile; fileRef = E90648D01A82EA4600857144 /* main.m */; };
		E90648D41A82EA4600857144 /* AppDelegate.m in Sources */ = {isa = PBXBuildFile; fileRef = E90648D31A82EA4600857144 /* AppDelegate.m */; };
		E90648DA1A82EA4600857144 /* Main.storyboard in Resources */ = {isa = PBXBuildFile; fileRef = E90648D81A82EA4600857144 /* Main.storyboard */; };
		E90648DC1A82EA4600857144 /* Images.xcassets in Resources */ = {isa = PBXBuildFile; fileRef = E90648DB1A82EA4600857144 /* Images.xcassets */; };
		E90648DF1A82EA4600857144 /* LaunchScreen.xib in Resources */ = {isa = PBXBuildFile; fileRef = E90648DD1A82EA4600857144 /* LaunchScreen.xib */; };
		E90648EB1A82EA4600857144 /* PartyTimeTests.m in Sources */ = {isa = PBXBuildFile; fileRef = E90648EA1A82EA4600857144 /* PartyTimeTests.m */; };
		E946BD101A82EC89007BF768 /* EventMapViewController.m in Sources */ = {isa = PBXBuildFile; fileRef = E946BD0F1A82EC89007BF768 /* EventMapViewController.m */; };
		E946BD131A82ECFD007BF768 /* HostEventViewController.m in Sources */ = {isa = PBXBuildFile; fileRef = E946BD121A82ECFD007BF768 /* HostEventViewController.m */; };
		E946BD151A82ED4A007BF768 /* MapKit.framework in Frameworks */ = {isa = PBXBuildFile; fileRef = E946BD141A82ED4A007BF768 /* MapKit.framework */; };
		E9A000661A82EF4300FF21CF /* EventListViewController.m in Sources */ = {isa = PBXBuildFile; fileRef = E9A000651A82EF4300FF21CF /* EventListViewController.m */; };
/* End PBXBuildFile section */

/* Begin PBXContainerItemProxy section */
		E90648E51A82EA4600857144 /* PBXContainerItemProxy */ = {
			isa = PBXContainerItemProxy;
			containerPortal = E90648C31A82EA4600857144 /* Project object */;
			proxyType = 1;
			remoteGlobalIDString = E90648CA1A82EA4600857144;
			remoteInfo = PartyTime;
		};
/* End PBXContainerItemProxy section */

/* Begin PBXFileReference section */
		E90648CB1A82EA4600857144 /* PartyTime.app */ = {isa = PBXFileReference; explicitFileType = wrapper.application; includeInIndex = 0; path = PartyTime.app; sourceTree = BUILT_PRODUCTS_DIR; };
		E90648CF1A82EA4600857144 /* Info.plist */ = {isa = PBXFileReference; lastKnownFileType = text.plist.xml; path = Info.plist; sourceTree = "<group>"; };
		E90648D01A82EA4600857144 /* main.m */ = {isa = PBXFileReference; lastKnownFileType = sourcecode.c.objc; path = main.m; sourceTree = "<group>"; };
		E90648D21A82EA4600857144 /* AppDelegate.h */ = {isa = PBXFileReference; lastKnownFileType = sourcecode.c.h; path = AppDelegate.h; sourceTree = "<group>"; };
		E90648D31A82EA4600857144 /* AppDelegate.m */ = {isa = PBXFileReference; lastKnownFileType = sourcecode.c.objc; path = AppDelegate.m; sourceTree = "<group>"; };
		E90648D91A82EA4600857144 /* Base */ = {isa = PBXFileReference; lastKnownFileType = file.storyboard; name = Base; path = Base.lproj/Main.storyboard; sourceTree = "<group>"; };
		E90648DB1A82EA4600857144 /* Images.xcassets */ = {isa = PBXFileReference; lastKnownFileType = folder.assetcatalog; path = Images.xcassets; sourceTree = "<group>"; };
		E90648DE1A82EA4600857144 /* Base */ = {isa = PBXFileReference; lastKnownFileType = file.xib; name = Base; path = Base.lproj/LaunchScreen.xib; sourceTree = "<group>"; };
		E90648E41A82EA4600857144 /* PartyTimeTests.xctest */ = {isa = PBXFileReference; explicitFileType = wrapper.cfbundle; includeInIndex = 0; path = PartyTimeTests.xctest; sourceTree = BUILT_PRODUCTS_DIR; };
		E90648E91A82EA4600857144 /* Info.plist */ = {isa = PBXFileReference; lastKnownFileType = text.plist.xml; path = Info.plist; sourceTree = "<group>"; };
		E90648EA1A82EA4600857144 /* PartyTimeTests.m */ = {isa = PBXFileReference; lastKnownFileType = sourcecode.c.objc; path = PartyTimeTests.m; sourceTree = "<group>"; };
		E946BD0E1A82EC89007BF768 /* EventMapViewController.h */ = {isa = PBXFileReference; fileEncoding = 4; lastKnownFileType = sourcecode.c.h; path = EventMapViewController.h; sourceTree = "<group>"; };
		E946BD0F1A82EC89007BF768 /* EventMapViewController.m */ = {isa = PBXFileReference; fileEncoding = 4; lastKnownFileType = sourcecode.c.objc; path = EventMapViewController.m; sourceTree = "<group>"; };
		E946BD111A82ECFD007BF768 /* HostEventViewController.h */ = {isa = PBXFileReference; fileEncoding = 4; lastKnownFileType = sourcecode.c.h; path = HostEventViewController.h; sourceTree = "<group>"; };
		E946BD121A82ECFD007BF768 /* HostEventViewController.m */ = {isa = PBXFileReference; fileEncoding = 4; lastKnownFileType = sourcecode.c.objc; path = HostEventViewController.m; sourceTree = "<group>"; };
		E946BD141A82ED4A007BF768 /* MapKit.framework */ = {isa = PBXFileReference; lastKnownFileType = wrapper.framework; name = MapKit.framework; path = System/Library/Frameworks/MapKit.framework; sourceTree = SDKROOT; };
		E9A000641A82EF4300FF21CF /* EventListViewController.h */ = {isa = PBXFileReference; fileEncoding = 4; lastKnownFileType = sourcecode.c.h; path = EventListViewController.h; sourceTree = "<group>"; };
		E9A000651A82EF4300FF21CF /* EventListViewController.m */ = {isa = PBXFileReference; fileEncoding = 4; lastKnownFileType = sourcecode.c.objc; path = EventListViewController.m; sourceTree = "<group>"; };
/* End PBXFileReference section */

/* Begin PBXFrameworksBuildPhase section */
		E90648C81A82EA4600857144 /* Frameworks */ = {
			isa = PBXFrameworksBuildPhase;
			buildActionMask = 2147483647;
			files = (
				E946BD151A82ED4A007BF768 /* MapKit.framework in Frameworks */,
			);
			runOnlyForDeploymentPostprocessing = 0;
		};
		E90648E11A82EA4600857144 /* Frameworks */ = {
			isa = PBXFrameworksBuildPhase;
			buildActionMask = 2147483647;
			files = (
			);
			runOnlyForDeploymentPostprocessing = 0;
		};
/* End PBXFrameworksBuildPhase section */

/* Begin PBXGroup section */
		E90648C21A82EA4600857144 = {
			isa = PBXGroup;
			children = (
				E946BD141A82ED4A007BF768 /* MapKit.framework */,
				E90648CD1A82EA4600857144 /* PartyTime */,
				E90648E71A82EA4600857144 /* PartyTimeTests */,
				E90648CC1A82EA4600857144 /* Products */,
			);
			sourceTree = "<group>";
		};
		E90648CC1A82EA4600857144 /* Products */ = {
			isa = PBXGroup;
			children = (
				E90648CB1A82EA4600857144 /* PartyTime.app */,
				E90648E41A82EA4600857144 /* PartyTimeTests.xctest */,
			);
			name = Products;
			sourceTree = "<group>";
		};
		E90648CD1A82EA4600857144 /* PartyTime */ = {
			isa = PBXGroup;
			children = (
				E9A000641A82EF4300FF21CF /* EventListViewController.h */,
				E9A000651A82EF4300FF21CF /* EventListViewController.m */,
				E90648D21A82EA4600857144 /* AppDelegate.h */,
				E90648D31A82EA4600857144 /* AppDelegate.m */,
				E90648D81A82EA4600857144 /* Main.storyboard */,
				E946BD111A82ECFD007BF768 /* HostEventViewController.h */,
				E946BD121A82ECFD007BF768 /* HostEventViewController.m */,
				E946BD0E1A82EC89007BF768 /* EventMapViewController.h */,
				E946BD0F1A82EC89007BF768 /* EventMapViewController.m */,
				E90648DB1A82EA4600857144 /* Images.xcassets */,
				E90648DD1A82EA4600857144 /* LaunchScreen.xib */,
				E90648CE1A82EA4600857144 /* Supporting Files */,
			);
			path = PartyTime;
			sourceTree = "<group>";
		};
		E90648CE1A82EA4600857144 /* Supporting Files */ = {
			isa = PBXGroup;
			children = (
				E90648CF1A82EA4600857144 /* Info.plist */,
				E90648D01A82EA4600857144 /* main.m */,
			);
			name = "Supporting Files";
			sourceTree = "<group>";
		};
		E90648E71A82EA4600857144 /* PartyTimeTests */ = {
			isa = PBXGroup;
			children = (
				E90648EA1A82EA4600857144 /* PartyTimeTests.m */,
				E90648E81A82EA4600857144 /* Supporting Files */,
			);
			path = PartyTimeTests;
			sourceTree = "<group>";
		};
		E90648E81A82EA4600857144 /* Supporting Files */ = {
			isa = PBXGroup;
			children = (
				E90648E91A82EA4600857144 /* Info.plist */,
			);
			name = "Supporting Files";
			sourceTree = "<group>";
		};
/* End PBXGroup section */

/* Begin PBXNativeTarget section */
		E90648CA1A82EA4600857144 /* PartyTime */ = {
			isa = PBXNativeTarget;
			buildConfigurationList = E90648EE1A82EA4600857144 /* Build configuration list for PBXNativeTarget "PartyTime" */;
			buildPhases = (
				E90648C71A82EA4600857144 /* Sources */,
				E90648C81A82EA4600857144 /* Frameworks */,
				E90648C91A82EA4600857144 /* Resources */,
			);
			buildRules = (
			);
			dependencies = (
			);
			name = PartyTime;
			productName = PartyTime;
			productReference = E90648CB1A82EA4600857144 /* PartyTime.app */;
			productType = "com.apple.product-type.application";
		};
		E90648E31A82EA4600857144 /* PartyTimeTests */ = {
			isa = PBXNativeTarget;
			buildConfigurationList = E90648F11A82EA4600857144 /* Build configuration list for PBXNativeTarget "PartyTimeTests" */;
			buildPhases = (
				E90648E01A82EA4600857144 /* Sources */,
				E90648E11A82EA4600857144 /* Frameworks */,
				E90648E21A82EA4600857144 /* Resources */,
			);
			buildRules = (
			);
			dependencies = (
				E90648E61A82EA4600857144 /* PBXTargetDependency */,
			);
			name = PartyTimeTests;
			productName = PartyTimeTests;
			productReference = E90648E41A82EA4600857144 /* PartyTimeTests.xctest */;
			productType = "com.apple.product-type.bundle.unit-test";
		};
/* End PBXNativeTarget section */

/* Begin PBXProject section */
		E90648C31A82EA4600857144 /* Project object */ = {
			isa = PBXProject;
			attributes = {
				LastUpgradeCheck = 0610;
				ORGANIZATIONNAME = "Charles Shinaver";
				TargetAttributes = {
					E90648CA1A82EA4600857144 = {
						CreatedOnToolsVersion = 6.1.1;
					};
					E90648E31A82EA4600857144 = {
						CreatedOnToolsVersion = 6.1.1;
						TestTargetID = E90648CA1A82EA4600857144;
					};
				};
			};
			buildConfigurationList = E90648C61A82EA4600857144 /* Build configuration list for PBXProject "PartyTime" */;
			compatibilityVersion = "Xcode 3.2";
			developmentRegion = English;
			hasScannedForEncodings = 0;
			knownRegions = (
				en,
				Base,
			);
			mainGroup = E90648C21A82EA4600857144;
			productRefGroup = E90648CC1A82EA4600857144 /* Products */;
			projectDirPath = "";
			projectRoot = "";
			targets = (
				E90648CA1A82EA4600857144 /* PartyTime */,
				E90648E31A82EA4600857144 /* PartyTimeTests */,
			);
		};
/* End PBXProject section */

/* Begin PBXResourcesBuildPhase section */
		E90648C91A82EA4600857144 /* Resources */ = {
			isa = PBXResourcesBuildPhase;
			buildActionMask = 2147483647;
			files = (
				E90648DA1A82EA4600857144 /* Main.storyboard in Resources */,
				E90648DF1A82EA4600857144 /* LaunchScreen.xib in Resources */,
				E90648DC1A82EA4600857144 /* Images.xcassets in Resources */,
			);
			runOnlyForDeploymentPostprocessing = 0;
		};
		E90648E21A82EA4600857144 /* Resources */ = {
			isa = PBXResourcesBuildPhase;
			buildActionMask = 2147483647;
			files = (
			);
			runOnlyForDeploymentPostprocessing = 0;
		};
/* End PBXResourcesBuildPhase section */

/* Begin PBXSourcesBuildPhase section */
		E90648C71A82EA4600857144 /* Sources */ = {
			isa = PBXSourcesBuildPhase;
			buildActionMask = 2147483647;
			files = (
				E90648D41A82EA4600857144 /* AppDelegate.m in Sources */,
				E946BD131A82ECFD007BF768 /* HostEventViewController.m in Sources */,
				E9A000661A82EF4300FF21CF /* EventListViewController.m in Sources */,
				E946BD101A82EC89007BF768 /* EventMapViewController.m in Sources */,
				E90648D11A82EA4600857144 /* main.m in Sources */,
			);
			runOnlyForDeploymentPostprocessing = 0;
		};
		E90648E01A82EA4600857144 /* Sources */ = {
			isa = PBXSourcesBuildPhase;
			buildActionMask = 2147483647;
			files = (
				E90648EB1A82EA4600857144 /* PartyTimeTests.m in Sources */,
			);
			runOnlyForDeploymentPostprocessing = 0;
		};
/* End PBXSourcesBuildPhase section */

/* Begin PBXTargetDependency section */
		E90648E61A82EA4600857144 /* PBXTargetDependency */ = {
			isa = PBXTargetDependency;
			target = E90648CA1A82EA4600857144 /* PartyTime */;
			targetProxy = E90648E51A82EA4600857144 /* PBXContainerItemProxy */;
		};
/* End PBXTargetDependency section */

/* Begin PBXVariantGroup section */
		E90648D81A82EA4600857144 /* Main.storyboard */ = {
			isa = PBXVariantGroup;
			children = (
				E90648D91A82EA4600857144 /* Base */,
			);
			name = Main.storyboard;
			sourceTree = "<group>";
		};
		E90648DD1A82EA4600857144 /* LaunchScreen.xib */ = {
			isa = PBXVariantGroup;
			children = (
				E90648DE1A82EA4600857144 /* Base */,
			);
			name = LaunchScreen.xib;
			sourceTree = "<group>";
		};
/* End PBXVariantGroup section */

/* Begin XCBuildConfiguration section */
		E90648EC1A82EA4600857144 /* Debug */ = {
			isa = XCBuildConfiguration;
			buildSettings = {
				ALWAYS_SEARCH_USER_PATHS = NO;
				CLANG_CXX_LANGUAGE_STANDARD = "gnu++0x";
				CLANG_CXX_LIBRARY = "libc++";
				CLANG_ENABLE_MODULES = YES;
				CLANG_ENABLE_OBJC_ARC = YES;
				CLANG_WARN_BOOL_CONVERSION = YES;
				CLANG_WARN_CONSTANT_CONVERSION = YES;
				CLANG_WARN_DIRECT_OBJC_ISA_USAGE = YES_ERROR;
				CLANG_WARN_EMPTY_BODY = YES;
				CLANG_WARN_ENUM_CONVERSION = YES;
				CLANG_WARN_INT_CONVERSION = YES;
				CLANG_WARN_OBJC_ROOT_CLASS = YES_ERROR;
				CLANG_WARN_UNREACHABLE_CODE = YES;
				CLANG_WARN__DUPLICATE_METHOD_MATCH = YES;
				"CODE_SIGN_IDENTITY[sdk=iphoneos*]" = "iPhone Developer";
				COPY_PHASE_STRIP = NO;
				ENABLE_STRICT_OBJC_MSGSEND = YES;
				GCC_C_LANGUAGE_STANDARD = gnu99;
				GCC_DYNAMIC_NO_PIC = NO;
				GCC_OPTIMIZATION_LEVEL = 0;
				GCC_PREPROCESSOR_DEFINITIONS = (
					"DEBUG=1",
					"$(inherited)",
				);
				GCC_SYMBOLS_PRIVATE_EXTERN = NO;
				GCC_WARN_64_TO_32_BIT_CONVERSION = YES;
				GCC_WARN_ABOUT_RETURN_TYPE = YES_ERROR;
				GCC_WARN_UNDECLARED_SELECTOR = YES;
				GCC_WARN_UNINITIALIZED_AUTOS = YES_AGGRESSIVE;
				GCC_WARN_UNUSED_FUNCTION = YES;
				GCC_WARN_UNUSED_VARIABLE = YES;
				IPHONEOS_DEPLOYMENT_TARGET = 8.1;
				MTL_ENABLE_DEBUG_INFO = YES;
				ONLY_ACTIVE_ARCH = YES;
				SDKROOT = iphoneos;
			};
			name = Debug;
		};
		E90648ED1A82EA4600857144 /* Release */ = {
			isa = XCBuildConfiguration;
			buildSettings = {
				ALWAYS_SEARCH_USER_PATHS = NO;
				CLANG_CXX_LANGUAGE_STANDARD = "gnu++0x";
				CLANG_CXX_LIBRARY = "libc++";
				CLANG_ENABLE_MODULES = YES;
				CLANG_ENABLE_OBJC_ARC = YES;
				CLANG_WARN_BOOL_CONVERSION = YES;
				CLANG_WARN_CONSTANT_CONVERSION = YES;
				CLANG_WARN_DIRECT_OBJC_ISA_USAGE = YES_ERROR;
				CLANG_WARN_EMPTY_BODY = YES;
				CLANG_WARN_ENUM_CONVERSION = YES;
				CLANG_WARN_INT_CONVERSION = YES;
				CLANG_WARN_OBJC_ROOT_CLASS = YES_ERROR;
				CLANG_WARN_UNREACHABLE_CODE = YES;
				CLANG_WARN__DUPLICATE_METHOD_MATCH = YES;
				"CODE_SIGN_IDENTITY[sdk=iphoneos*]" = "iPhone Developer";
				COPY_PHASE_STRIP = YES;
				ENABLE_NS_ASSERTIONS = NO;
				ENABLE_STRICT_OBJC_MSGSEND = YES;
				GCC_C_LANGUAGE_STANDARD = gnu99;
				GCC_WARN_64_TO_32_BIT_CONVERSION = YES;
				GCC_WARN_ABOUT_RETURN_TYPE = YES_ERROR;
				GCC_WARN_UNDECLARED_SELECTOR = YES;
				GCC_WARN_UNINITIALIZED_AUTOS = YES_AGGRESSIVE;
				GCC_WARN_UNUSED_FUNCTION = YES;
				GCC_WARN_UNUSED_VARIABLE = YES;
				IPHONEOS_DEPLOYMENT_TARGET = 8.1;
				MTL_ENABLE_DEBUG_INFO = NO;
				SDKROOT = iphoneos;
				VALIDATE_PRODUCT = YES;
			};
			name = Release;
		};
		E90648EF1A82EA4600857144 /* Debug */ = {
			isa = XCBuildConfiguration;
			buildSettings = {
				ASSETCATALOG_COMPILER_APPICON_NAME = AppIcon;
				INFOPLIST_FILE = PartyTime/Info.plist;
				LD_RUNPATH_SEARCH_PATHS = "$(inherited) @executable_path/Frameworks";
				PRODUCT_NAME = "$(TARGET_NAME)";
			};
			name = Debug;
		};
		E90648F01A82EA4600857144 /* Release */ = {
			isa = XCBuildConfiguration;
			buildSettings = {
				ASSETCATALOG_COMPILER_APPICON_NAME = AppIcon;
				INFOPLIST_FILE = PartyTime/Info.plist;
				LD_RUNPATH_SEARCH_PATHS = "$(inherited) @executable_path/Frameworks";
				PRODUCT_NAME = "$(TARGET_NAME)";
			};
			name = Release;
		};
		E90648F21A82EA4600857144 /* Debug */ = {
			isa = XCBuildConfiguration;
			buildSettings = {
				BUNDLE_LOADER = "$(TEST_HOST)";
				FRAMEWORK_SEARCH_PATHS = (
					"$(SDKROOT)/Developer/Library/Frameworks",
					"$(inherited)",
				);
				GCC_PREPROCESSOR_DEFINITIONS = (
					"DEBUG=1",
					"$(inherited)",
				);
				INFOPLIST_FILE = PartyTimeTests/Info.plist;
				LD_RUNPATH_SEARCH_PATHS = "$(inherited) @executable_path/Frameworks @loader_path/Frameworks";
				PRODUCT_NAME = "$(TARGET_NAME)";
				TEST_HOST = "$(BUILT_PRODUCTS_DIR)/PartyTime.app/PartyTime";
			};
			name = Debug;
		};
		E90648F31A82EA4600857144 /* Release */ = {
			isa = XCBuildConfiguration;
			buildSettings = {
				BUNDLE_LOADER = "$(TEST_HOST)";
				FRAMEWORK_SEARCH_PATHS = (
					"$(SDKROOT)/Developer/Library/Frameworks",
					"$(inherited)",
				);
				INFOPLIST_FILE = PartyTimeTests/Info.plist;
				LD_RUNPATH_SEARCH_PATHS = "$(inherited) @executable_path/Frameworks @loader_path/Frameworks";
				PRODUCT_NAME = "$(TARGET_NAME)";
				TEST_HOST = "$(BUILT_PRODUCTS_DIR)/PartyTime.app/PartyTime";
			};
			name = Release;
		};
/* End XCBuildConfiguration section */

/* Begin XCConfigurationList section */
		E90648C61A82EA4600857144 /* Build configuration list for PBXProject "PartyTime" */ = {
			isa = XCConfigurationList;
			buildConfigurations = (
				E90648EC1A82EA4600857144 /* Debug */,
				E90648ED1A82EA4600857144 /* Release */,
			);
			defaultConfigurationIsVisible = 0;
			defaultConfigurationName = Release;
		};
		E90648EE1A82EA4600857144 /* Build configuration list for PBXNativeTarget "PartyTime" */ = {
			isa = XCConfigurationList;
			buildConfigurations = (
				E90648EF1A82EA4600857144 /* Debug */,
				E90648F01A82EA4600857144 /* Release */,
			);
			defaultConfigurationIsVisible = 0;
			defaultConfigurationName = Release;
		};
		E90648F11A82EA4600857144 /* Build configuration list for PBXNativeTarget "PartyTimeTests" */ = {
			isa = XCConfigurationList;
			buildConfigurations = (
				E90648F21A82EA4600857144 /* Debug */,
				E90648F31A82EA4600857144 /* Release */,
			);
			defaultConfigurationIsVisible = 0;
			defaultConfigurationName = Release;
		};
/* End XCConfigurationList section */
	};
	rootObject = E90648C31A82EA4600857144 /* Project object */;
}
